// !$*UTF8*$!
{
	archiveVersion = 1;
	classes = {
	};
	objectVersion = 46;
	objects = {

/* Begin PBXBuildFile section */
		1124372030FE368B17198760 /* Pods_snap1.framework in Frameworks */ = {isa = PBXBuildFile; fileRef = F407D5C456A3502D67F88276 /* Pods_snap1.framework */; };
		84F3A3941E8DF2EA003E52A4 /* AppDelegate.swift in Sources */ = {isa = PBXBuildFile; fileRef = 84F3A3931E8DF2EA003E52A4 /* AppDelegate.swift */; };
		84F3A3961E8DF2EA003E52A4 /* SignInViewController.swift in Sources */ = {isa = PBXBuildFile; fileRef = 84F3A3951E8DF2EA003E52A4 /* SignInViewController.swift */; };
		84F3A3991E8DF2EA003E52A4 /* Main.storyboard in Resources */ = {isa = PBXBuildFile; fileRef = 84F3A3971E8DF2EA003E52A4 /* Main.storyboard */; };
		84F3A39B1E8DF2EA003E52A4 /* Assets.xcassets in Resources */ = {isa = PBXBuildFile; fileRef = 84F3A39A1E8DF2EA003E52A4 /* Assets.xcassets */; };
		84F3A39E1E8DF2EA003E52A4 /* LaunchScreen.storyboard in Resources */ = {isa = PBXBuildFile; fileRef = 84F3A39C1E8DF2EA003E52A4 /* LaunchScreen.storyboard */; };
		84F3A3A61E8DF3BE003E52A4 /* GoogleService-Info.plist in Resources */ = {isa = PBXBuildFile; fileRef = 84F3A3A51E8DF3BE003E52A4 /* GoogleService-Info.plist */; };
/* End PBXBuildFile section */

/* Begin PBXFileReference section */
		38F4CC964A2924CE820E8D82 /* Pods-snap1.release.xcconfig */ = {isa = PBXFileReference; includeInIndex = 1; lastKnownFileType = text.xcconfig; name = "Pods-snap1.release.xcconfig"; path = "Pods/Target Support Files/Pods-snap1/Pods-snap1.release.xcconfig"; sourceTree = "<group>"; };
		84F3A3901E8DF2EA003E52A4 /* snap1.app */ = {isa = PBXFileReference; explicitFileType = wrapper.application; includeInIndex = 0; path = snap1.app; sourceTree = BUILT_PRODUCTS_DIR; };
		84F3A3931E8DF2EA003E52A4 /* AppDelegate.swift */ = {isa = PBXFileReference; lastKnownFileType = sourcecode.swift; path = AppDelegate.swift; sourceTree = "<group>"; };
		84F3A3951E8DF2EA003E52A4 /* SignInViewController.swift */ = {isa = PBXFileReference; lastKnownFileType = sourcecode.swift; path = SignInViewController.swift; sourceTree = "<group>"; };
		84F3A3981E8DF2EA003E52A4 /* Base */ = {isa = PBXFileReference; lastKnownFileType = file.storyboard; name = Base; path = Base.lproj/Main.storyboard; sourceTree = "<group>"; };
		84F3A39A1E8DF2EA003E52A4 /* Assets.xcassets */ = {isa = PBXFileReference; lastKnownFileType = folder.assetcatalog; path = Assets.xcassets; sourceTree = "<group>"; };
		84F3A39D1E8DF2EA003E52A4 /* Base */ = {isa = PBXFileReference; lastKnownFileType = file.storyboard; name = Base; path = Base.lproj/LaunchScreen.storyboard; sourceTree = "<group>"; };
		84F3A39F1E8DF2EA003E52A4 /* Info.plist */ = {isa = PBXFileReference; lastKnownFileType = text.plist.xml; path = Info.plist; sourceTree = "<group>"; };
		84F3A3A51E8DF3BE003E52A4 /* GoogleService-Info.plist */ = {isa = PBXFileReference; fileEncoding = 4; lastKnownFileType = text.plist.xml; path = "GoogleService-Info.plist"; sourceTree = "<group>"; };
		D94CFA07E6FC77728025E02F /* Pods-snap1.debug.xcconfig */ = {isa = PBXFileReference; includeInIndex = 1; lastKnownFileType = text.xcconfig; name = "Pods-snap1.debug.xcconfig"; path = "Pods/Target Support Files/Pods-snap1/Pods-snap1.debug.xcconfig"; sourceTree = "<group>"; };
		F407D5C456A3502D67F88276 /* Pods_snap1.framework */ = {isa = PBXFileReference; explicitFileType = wrapper.framework; includeInIndex = 0; path = Pods_snap1.framework; sourceTree = BUILT_PRODUCTS_DIR; };
/* End PBXFileReference section */

/* Begin PBXFrameworksBuildPhase section */
		84F3A38D1E8DF2EA003E52A4 /* Frameworks */ = {
			isa = PBXFrameworksBuildPhase;
			buildActionMask = 2147483647;
			files = (
				1124372030FE368B17198760 /* Pods_snap1.framework in Frameworks */,
			);
			runOnlyForDeploymentPostprocessing = 0;
		};
/* End PBXFrameworksBuildPhase section */

/* Begin PBXGroup section */
		6720E2B909391E8AF9A12FD7 /* Pods */ = {
			isa = PBXGroup;
			children = (
				D94CFA07E6FC77728025E02F /* Pods-snap1.debug.xcconfig */,
				38F4CC964A2924CE820E8D82 /* Pods-snap1.release.xcconfig */,
			);
			name = Pods;
			sourceTree = "<group>";
		};
		84F3A3871E8DF2EA003E52A4 = {
			isa = PBXGroup;
			children = (
				84F3A3921E8DF2EA003E52A4 /* snap1 */,
				84F3A3911E8DF2EA003E52A4 /* Products */,
				6720E2B909391E8AF9A12FD7 /* Pods */,
				F7BD0CF9A32E4F69811B8569 /* Frameworks */,
			);
			sourceTree = "<group>";
		};
		84F3A3911E8DF2EA003E52A4 /* Products */ = {
			isa = PBXGroup;
			children = (
				84F3A3901E8DF2EA003E52A4 /* snap1.app */,
			);
			name = Products;
			sourceTree = "<group>";
		};
		84F3A3921E8DF2EA003E52A4 /* snap1 */ = {
			isa = PBXGroup;
			children = (
				84F3A3931E8DF2EA003E52A4 /* AppDelegate.swift */,
				84F3A3951E8DF2EA003E52A4 /* SignInViewController.swift */,
				84F3A3971E8DF2EA003E52A4 /* Main.storyboard */,
				84F3A39A1E8DF2EA003E52A4 /* Assets.xcassets */,
				84F3A39C1E8DF2EA003E52A4 /* LaunchScreen.storyboard */,
				84F3A39F1E8DF2EA003E52A4 /* Info.plist */,
				84F3A3A51E8DF3BE003E52A4 /* GoogleService-Info.plist */,
			);
			path = snap1;
			sourceTree = "<group>";
		};
		F7BD0CF9A32E4F69811B8569 /* Frameworks */ = {
			isa = PBXGroup;
			children = (
				F407D5C456A3502D67F88276 /* Pods_snap1.framework */,
			);
			name = Frameworks;
			sourceTree = "<group>";
		};
/* End PBXGroup section */

/* Begin PBXNativeTarget section */
		84F3A38F1E8DF2EA003E52A4 /* snap1 */ = {
			isa = PBXNativeTarget;
			buildConfigurationList = 84F3A3A21E8DF2EA003E52A4 /* Build configuration list for PBXNativeTarget "snap1" */;
			buildPhases = (
				8752AF788DA84C8BC5174030 /* [CP] Check Pods Manifest.lock */,
				84F3A38C1E8DF2EA003E52A4 /* Sources */,
				84F3A38D1E8DF2EA003E52A4 /* Frameworks */,
				84F3A38E1E8DF2EA003E52A4 /* Resources */,
				5CE55D51F5212EA4410680E9 /* [CP] Embed Pods Frameworks */,
				EAC5A173282F21823984F598 /* [CP] Copy Pods Resources */,
			);
			buildRules = (
			);
			dependencies = (
			);
			name = snap1;
			productName = snap1;
			productReference = 84F3A3901E8DF2EA003E52A4 /* snap1.app */;
			productType = "com.apple.product-type.application";
		};
/* End PBXNativeTarget section */

/* Begin PBXProject section */
		84F3A3881E8DF2EA003E52A4 /* Project object */ = {
			isa = PBXProject;
			attributes = {
				LastSwiftUpdateCheck = 0820;
				LastUpgradeCheck = 0820;
				ORGANIZATIONNAME = "Kamil Wrobel";
				TargetAttributes = {
					84F3A38F1E8DF2EA003E52A4 = {
						CreatedOnToolsVersion = 8.2.1;
						ProvisioningStyle = Automatic;
					};
				};
			};
			buildConfigurationList = 84F3A38B1E8DF2EA003E52A4 /* Build configuration list for PBXProject "snap1" */;
			compatibilityVersion = "Xcode 3.2";
			developmentRegion = English;
			hasScannedForEncodings = 0;
			knownRegions = (
				en,
				Base,
			);
			mainGroup = 84F3A3871E8DF2EA003E52A4;
			productRefGroup = 84F3A3911E8DF2EA003E52A4 /* Products */;
			projectDirPath = "";
			projectRoot = "";
			targets = (
				84F3A38F1E8DF2EA003E52A4 /* snap1 */,
			);
		};
/* End PBXProject section */

/* Begin PBXResourcesBuildPhase section */
		84F3A38E1E8DF2EA003E52A4 /* Resources */ = {
			isa = PBXResourcesBuildPhase;
			buildActionMask = 2147483647;
			files = (
				84F3A39E1E8DF2EA003E52A4 /* LaunchScreen.storyboard in Resources */,
				84F3A39B1E8DF2EA003E52A4 /* Assets.xcassets in Resources */,
				84F3A3A61E8DF3BE003E52A4 /* GoogleService-Info.plist in Resources */,
				84F3A3991E8DF2EA003E52A4 /* Main.storyboard in Resources */,
			);
			runOnlyForDeploymentPostprocessing = 0;
		};
/* End PBXResourcesBuildPhase section */

/* Begin PBXShellScriptBuildPhase section */
		5CE55D51F5212EA4410680E9 /* [CP] Embed Pods Frameworks */ = {
			isa = PBXShellScriptBuildPhase;
			buildActionMask = 2147483647;
			files = (
			);
			inputPaths = (
			);
			name = "[CP] Embed Pods Frameworks";
			outputPaths = (
			);
			runOnlyForDeploymentPostprocessing = 0;
			shellPath = /bin/sh;
			shellScript = "\"${SRCROOT}/Pods/Target Support Files/Pods-snap1/Pods-snap1-frameworks.sh\"\n";
			showEnvVarsInLog = 0;
		};
		8752AF788DA84C8BC5174030 /* [CP] Check Pods Manifest.lock */ = {
			isa = PBXShellScriptBuildPhase;
			buildActionMask = 2147483647;
			files = (
			);
			inputPaths = (
			);
			name = "[CP] Check Pods Manifest.lock";
			outputPaths = (
			);
			runOnlyForDeploymentPostprocessing = 0;
			shellPath = /bin/sh;
			shellScript = "diff \"${PODS_ROOT}/../Podfile.lock\" \"${PODS_ROOT}/Manifest.lock\" > /dev/null\nif [ $? != 0 ] ; then\n    # print error to STDERR\n    echo \"error: The sandbox is not in sync with the Podfile.lock. Run 'pod install' or update your CocoaPods installation.\" >&2\n    exit 1\nfi\n";
			showEnvVarsInLog = 0;
		};
		EAC5A173282F21823984F598 /* [CP] Copy Pods Resources */ = {
			isa = PBXShellScriptBuildPhase;
			buildActionMask = 2147483647;
			files = (
			);
			inputPaths = (
			);
			name = "[CP] Copy Pods Resources";
			outputPaths = (
			);
			runOnlyForDeploymentPostprocessing = 0;
			shellPath = /bin/sh;
			shellScript = "\"${SRCROOT}/Pods/Target Support Files/Pods-snap1/Pods-snap1-resources.sh\"\n";
			showEnvVarsInLog = 0;
		};
/* End PBXShellScriptBuildPhase section */

/* Begin PBXSourcesBuildPhase section */
		84F3A38C1E8DF2EA003E52A4 /* Sources */ = {
			isa = PBXSourcesBuildPhase;
			buildActionMask = 2147483647;
			files = (
				84F3A3961E8DF2EA003E52A4 /* SignInViewController.swift in Sources */,
				84F3A3941E8DF2EA003E52A4 /* AppDelegate.swift in Sources */,
			);
			runOnlyForDeploymentPostprocessing = 0;
		};
/* End PBXSourcesBuildPhase section */

/* Begin PBXVariantGroup section */
		84F3A3971E8DF2EA003E52A4 /* Main.storyboard */ = {
			isa = PBXVariantGroup;
			children = (
				84F3A3981E8DF2EA003E52A4 /* Base */,
			);
			name = Main.storyboard;
			sourceTree = "<group>";
		};
		84F3A39C1E8DF2EA003E52A4 /* LaunchScreen.storyboard */ = {
			isa = PBXVariantGroup;
			children = (
				84F3A39D1E8DF2EA003E52A4 /* Base */,
			);
			name = LaunchScreen.storyboard;
			sourceTree = "<group>";
		};
/* End PBXVariantGroup section */

/* Begin XCBuildConfiguration section */
		84F3A3A01E8DF2EA003E52A4 /* Debug */ = {
			isa = XCBuildConfiguration;
			buildSettings = {
				ALWAYS_SEARCH_USER_PATHS = NO;
				CLANG_ANALYZER_NONNULL = YES;
				CLANG_CXX_LANGUAGE_STANDARD = "gnu++0x";
				CLANG_CXX_LIBRARY = "libc++";
				CLANG_ENABLE_MODULES = YES;
				CLANG_ENABLE_OBJC_ARC = YES;
				CLANG_WARN_BOOL_CONVERSION = YES;
				CLANG_WARN_CONSTANT_CONVERSION = YES;
				CLANG_WARN_DIRECT_OBJC_ISA_USAGE = YES_ERROR;
				CLANG_WARN_DOCUMENTATION_COMMENTS = YES;
				CLANG_WARN_EMPTY_BODY = YES;
				CLANG_WARN_ENUM_CONVERSION = YES;
				CLANG_WARN_INFINITE_RECURSION = YES;
				CLANG_WARN_INT_CONVERSION = YES;
				CLANG_WARN_OBJC_ROOT_CLASS = YES_ERROR;
				CLANG_WARN_SUSPICIOUS_MOVE = YES;
				CLANG_WARN_UNREACHABLE_CODE = YES;
				CLANG_WARN__DUPLICATE_METHOD_MATCH = YES;
				"CODE_SIGN_IDENTITY[sdk=iphoneos*]" = "iPhone Developer";
				COPY_PHASE_STRIP = NO;
				DEBUG_INFORMATION_FORMAT = dwarf;
				ENABLE_STRICT_OBJC_MSGSEND = YES;
				ENABLE_TESTABILITY = YES;
				GCC_C_LANGUAGE_STANDARD = gnu99;
				GCC_DYNAMIC_NO_PIC = NO;
				GCC_NO_COMMON_BLOCKS = YES;
				GCC_OPTIMIZATION_LEVEL = 0;
				GCC_PREPROCESSOR_DEFINITIONS = (
					"DEBUG=1",
					"$(inherited)",
				);
				GCC_WARN_64_TO_32_BIT_CONVERSION = YES;
				GCC_WARN_ABOUT_RETURN_TYPE = YES_ERROR;
				GCC_WARN_UNDECLARED_SELECTOR = YES;
				GCC_WARN_UNINITIALIZED_AUTOS = YES_AGGRESSIVE;
				GCC_WARN_UNUSED_FUNCTION = YES;
				GCC_WARN_UNUSED_VARIABLE = YES;
				IPHONEOS_DEPLOYMENT_TARGET = 10.2;
				MTL_ENABLE_DEBUG_INFO = YES;
				ONLY_ACTIVE_ARCH = YES;
				SDKROOT = iphoneos;
				SWIFT_ACTIVE_COMPILATION_CONDITIONS = DEBUG;
				SWIFT_OPTIMIZATION_LEVEL = "-Onone";
				TARGETED_DEVICE_FAMILY = "1,2";
			};
			name = Debug;
		};
		84F3A3A11E8DF2EA003E52A4 /* Release */ = {
			isa = XCBuildConfiguration;
			buildSettings = {
				ALWAYS_SEARCH_USER_PATHS = NO;
				CLANG_ANALYZER_NONNULL = YES;
				CLANG_CXX_LANGUAGE_STANDARD = "gnu++0x";
				CLANG_CXX_LIBRARY = "libc++";
				CLANG_ENABLE_MODULES = YES;
				CLANG_ENABLE_OBJC_ARC = YES;
				CLANG_WARN_BOOL_CONVERSION = YES;
				CLANG_WARN_CONSTANT_CONVERSION = YES;
				CLANG_WARN_DIRECT_OBJC_ISA_USAGE = YES_ERROR;
				CLANG_WARN_DOCUMENTATION_COMMENTS = YES;
				CLANG_WARN_EMPTY_BODY = YES;
				CLANG_WARN_ENUM_CONVERSION = YES;
				CLANG_WARN_INFINITE_RECURSION = YES;
				CLANG_WARN_INT_CONVERSION = YES;
				CLANG_WARN_OBJC_ROOT_CLASS = YES_ERROR;
				CLANG_WARN_SUSPICIOUS_MOVE = YES;
				CLANG_WARN_UNREACHABLE_CODE = YES;
				CLANG_WARN__DUPLICATE_METHOD_MATCH = YES;
				"CODE_SIGN_IDENTITY[sdk=iphoneos*]" = "iPhone Developer";
				COPY_PHASE_STRIP = NO;
				DEBUG_INFORMATION_FORMAT = "dwarf-with-dsym";
				ENABLE_NS_ASSERTIONS = NO;
				ENABLE_STRICT_OBJC_MSGSEND = YES;
				GCC_C_LANGUAGE_STANDARD = gnu99;
				GCC_NO_COMMON_BLOCKS = YES;
				GCC_WARN_64_TO_32_BIT_CONVERSION = YES;
				GCC_WARN_ABOUT_RETURN_TYPE = YES_ERROR;
				GCC_WARN_UNDECLARED_SELECTOR = YES;
				GCC_WARN_UNINITIALIZED_AUTOS = YES_AGGRESSIVE;
				GCC_WARN_UNUSED_FUNCTION = YES;
				GCC_WARN_UNUSED_VARIABLE = YES;
				IPHONEOS_DEPLOYMENT_TARGET = 10.2;
				MTL_ENABLE_DEBUG_INFO = NO;
				SDKROOT = iphoneos;
				SWIFT_OPTIMIZATION_LEVEL = "-Owholemodule";
				TARGETED_DEVICE_FAMILY = "1,2";
				VALIDATE_PRODUCT = YES;
			};
			name = Release;
		};
		84F3A3A31E8DF2EA003E52A4 /* Debug */ = {
			isa = XCBuildConfiguration;
			baseConfigurationReference = D94CFA07E6FC77728025E02F /* Pods-snap1.debug.xcconfig */;
			buildSettings = {
				ASSETCATALOG_COMPILER_APPICON_NAME = AppIcon;
				INFOPLIST_FILE = snap1/Info.plist;
				LD_RUNPATH_SEARCH_PATHS = "$(inherited) @executable_path/Frameworks";
				PRODUCT_BUNDLE_IDENTIFIER = "com.xxx1-0.snap1";
				PRODUCT_NAME = "$(TARGET_NAME)";
				SWIFT_VERSION = 3.0;
			};
			name = Debug;
		};
		84F3A3A41E8DF2EA003E52A4 /* Release */ = {
			isa = XCBuildConfiguration;
			baseConfigurationReference = 38F4CC964A2924CE820E8D82 /* Pods-snap1.release.xcconfig */;
			buildSettings = {
				ASSETCATALOG_COMPILER_APPICON_NAME = AppIcon;
				INFOPLIST_FILE = snap1/Info.plist;
				LD_RUNPATH_SEARCH_PATHS = "$(inherited) @executable_path/Frameworks";
				PRODUCT_BUNDLE_IDENTIFIER = "com.xxx1-0.snap1";
				PRODUCT_NAME = "$(TARGET_NAME)";
				SWIFT_VERSION = 3.0;
			};
			name = Release;
		};
/* End XCBuildConfiguration section */

/* Begin XCConfigurationList section */
		84F3A38B1E8DF2EA003E52A4 /* Build configuration list for PBXProject "snap1" */ = {
			isa = XCConfigurationList;
			buildConfigurations = (
				84F3A3A01E8DF2EA003E52A4 /* Debug */,
				84F3A3A11E8DF2EA003E52A4 /* Release */,
			);
			defaultConfigurationIsVisible = 0;
			defaultConfigurationName = Release;
		};
		84F3A3A21E8DF2EA003E52A4 /* Build configuration list for PBXNativeTarget "snap1" */ = {
			isa = XCConfigurationList;
			buildConfigurations = (
				84F3A3A31E8DF2EA003E52A4 /* Debug */,
				84F3A3A41E8DF2EA003E52A4 /* Release */,
			);
			defaultConfigurationIsVisible = 0;
			defaultConfigurationName = Release;
		};
/* End XCConfigurationList section */
	};
	rootObject = 84F3A3881E8DF2EA003E52A4 /* Project object */;
}
